
Microsoft Visual Studio Solution File, Format Version 12.00
# Visual Studio 14
VisualStudioVersion = 14.0.25420.1
MinimumVisualStudioVersion = 10.0.40219.1
Project("{FAE04EC0-301F-11D3-BF4B-00C04F79EFBC}") = "CM.Infrastructure", "CM.Infrastructure\CM.Infrastructure.csproj", "{16C9F6F6-8B4C-40A8-A459-22926FEE2966}"
EndProject
Project("{FAE04EC0-301F-11D3-BF4B-00C04F79EFBC}") = "MyTestAPp", "MyTestAPp\MyTestAPp.csproj", "{3A2BA5C7-425B-47E6-92F2-9B46A87BE125}"
EndProject
Global
	GlobalSection(SolutionConfigurationPlatforms) = preSolution
		Debug|Any CPU = Debug|Any CPU
		Release|Any CPU = Release|Any CPU
	EndGlobalSection
	GlobalSection(ProjectConfigurationPlatforms) = postSolution
		{16C9F6F6-8B4C-40A8-A459-22926FEE2966}.Debug|Any CPU.ActiveCfg = Debug|Any CPU
		{16C9F6F6-8B4C-40A8-A459-22926FEE2966}.Debug|Any CPU.Build.0 = Debug|Any CPU
		{16C9F6F6-8B4C-40A8-A459-22926FEE2966}.Release|Any CPU.ActiveCfg = Release|Any CPU
		{16C9F6F6-8B4C-40A8-A459-22926FEE2966}.Release|Any CPU.Build.0 = Release|Any CPU
		{3A2BA5C7-425B-47E6-92F2-9B46A87BE125}.Debug|Any CPU.ActiveCfg = Debug|Any CPU
		{3A2BA5C7-425B-47E6-92F2-9B46A87BE125}.Debug|Any CPU.Build.0 = Debug|Any CPU
		{3A2BA5C7-425B-47E6-92F2-9B46A87BE125}.Release|Any CPU.ActiveCfg = Release|Any CPU
		{3A2BA5C7-425B-47E6-92F2-9B46A87BE125}.Release|Any CPU.Build.0 = Release|Any CPU
	EndGlobalSection
	GlobalSection(SolutionProperties) = preSolution
		HideSolutionNode = FALSE
	EndGlobalSection
EndGlobal
